// !$*UTF8*$!
{
	archiveVersion = 1;
	classes = {
	};
	objectVersion = 56;
	objects = {

/* Begin PBXBuildFile section */
		00CA375F25DFDDC35319B0C9 /* Pods_SampleQuiz5.framework in Frameworks */ = {isa = PBXBuildFile; fileRef = 642C4C31AA5F7BAA63977B7A /* Pods_SampleQuiz5.framework */; };
		850901EA2B5E88FB0000BBBE /* AppDelegate.swift in Sources */ = {isa = PBXBuildFile; fileRef = 850901E92B5E88FB0000BBBE /* AppDelegate.swift */; };
		850901EC2B5E88FB0000BBBE /* SceneDelegate.swift in Sources */ = {isa = PBXBuildFile; fileRef = 850901EB2B5E88FB0000BBBE /* SceneDelegate.swift */; };
		850901EE2B5E88FB0000BBBE /* ViewController.swift in Sources */ = {isa = PBXBuildFile; fileRef = 850901ED2B5E88FB0000BBBE /* ViewController.swift */; };
		850901F12B5E88FB0000BBBE /* Main.storyboard in Resources */ = {isa = PBXBuildFile; fileRef = 850901EF2B5E88FB0000BBBE /* Main.storyboard */; };
		850901F32B5E88FB0000BBBE /* Assets.xcassets in Resources */ = {isa = PBXBuildFile; fileRef = 850901F22B5E88FB0000BBBE /* Assets.xcassets */; };
		850901F62B5E88FB0000BBBE /* LaunchScreen.storyboard in Resources */ = {isa = PBXBuildFile; fileRef = 850901F42B5E88FB0000BBBE /* LaunchScreen.storyboard */; };
		850901FE2B5E8A910000BBBE /* QuizViewController.swift in Sources */ = {isa = PBXBuildFile; fileRef = 850901FD2B5E8A910000BBBE /* QuizViewController.swift */; };
		850902002B5E8B6C0000BBBE /* ScoreViewController.swift in Sources */ = {isa = PBXBuildFile; fileRef = 850901FF2B5E8B6C0000BBBE /* ScoreViewController.swift */; };
		850902022B5E8CD20000BBBE /* quiz1.csv in Resources */ = {isa = PBXBuildFile; fileRef = 850902012B5E8CD20000BBBE /* quiz1.csv */; };
		854158F02B5FA578003D6861 /* correct.png in Resources */ = {isa = PBXBuildFile; fileRef = 854158EE2B5FA578003D6861 /* correct.png */; };
		854158F12B5FA578003D6861 /* incorrect.png in Resources */ = {isa = PBXBuildFile; fileRef = 854158EF2B5FA578003D6861 /* incorrect.png */; };
		854158F32B5FA915003D6861 /* SelectLevelViewController.swift in Sources */ = {isa = PBXBuildFile; fileRef = 854158F22B5FA915003D6861 /* SelectLevelViewController.swift */; };
		854158F52B5FAB44003D6861 /* .gitignore.xib in Resources */ = {isa = PBXBuildFile; fileRef = 854158F42B5FAB44003D6861 /* .gitignore.xib */; };
		854158F72B5FBA4D003D6861 /* quiz2.csv in Resources */ = {isa = PBXBuildFile; fileRef = 854158F62B5FBA4D003D6861 /* quiz2.csv */; };
		854158F92B5FBA60003D6861 /* quiz3.csv in Resources */ = {isa = PBXBuildFile; fileRef = 854158F82B5FBA60003D6861 /* quiz3.csv */; };
/* End PBXBuildFile section */

/* Begin PBXFileReference section */
		642C4C31AA5F7BAA63977B7A /* Pods_SampleQuiz5.framework */ = {isa = PBXFileReference; explicitFileType = wrapper.framework; includeInIndex = 0; path = Pods_SampleQuiz5.framework; sourceTree = BUILT_PRODUCTS_DIR; };
		65E2ED366B0F1CD94E8ED56D /* Pods-SampleQuiz5.debug.xcconfig */ = {isa = PBXFileReference; includeInIndex = 1; lastKnownFileType = text.xcconfig; name = "Pods-SampleQuiz5.debug.xcconfig"; path = "Target Support Files/Pods-SampleQuiz5/Pods-SampleQuiz5.debug.xcconfig"; sourceTree = "<group>"; };
		850901E62B5E88FB0000BBBE /* SampleQuiz5.app */ = {isa = PBXFileReference; explicitFileType = wrapper.application; includeInIndex = 0; path = SampleQuiz5.app; sourceTree = BUILT_PRODUCTS_DIR; };
		850901E92B5E88FB0000BBBE /* AppDelegate.swift */ = {isa = PBXFileReference; lastKnownFileType = sourcecode.swift; path = AppDelegate.swift; sourceTree = "<group>"; };
		850901EB2B5E88FB0000BBBE /* SceneDelegate.swift */ = {isa = PBXFileReference; lastKnownFileType = sourcecode.swift; path = SceneDelegate.swift; sourceTree = "<group>"; };
		850901ED2B5E88FB0000BBBE /* ViewController.swift */ = {isa = PBXFileReference; lastKnownFileType = sourcecode.swift; path = ViewController.swift; sourceTree = "<group>"; };
		850901F02B5E88FB0000BBBE /* Base */ = {isa = PBXFileReference; lastKnownFileType = file.storyboard; name = Base; path = Base.lproj/Main.storyboard; sourceTree = "<group>"; };
		850901F22B5E88FB0000BBBE /* Assets.xcassets */ = {isa = PBXFileReference; lastKnownFileType = folder.assetcatalog; path = Assets.xcassets; sourceTree = "<group>"; };
		850901F52B5E88FB0000BBBE /* Base */ = {isa = PBXFileReference; lastKnownFileType = file.storyboard; name = Base; path = Base.lproj/LaunchScreen.storyboard; sourceTree = "<group>"; };
		850901F72B5E88FB0000BBBE /* Info.plist */ = {isa = PBXFileReference; lastKnownFileType = text.plist.xml; path = Info.plist; sourceTree = "<group>"; };
		850901FD2B5E8A910000BBBE /* QuizViewController.swift */ = {isa = PBXFileReference; lastKnownFileType = sourcecode.swift; path = QuizViewController.swift; sourceTree = "<group>"; };
		850901FF2B5E8B6C0000BBBE /* ScoreViewController.swift */ = {isa = PBXFileReference; lastKnownFileType = sourcecode.swift; path = ScoreViewController.swift; sourceTree = "<group>"; };
		850902012B5E8CD20000BBBE /* quiz1.csv */ = {isa = PBXFileReference; lastKnownFileType = text; path = quiz1.csv; sourceTree = "<group>"; };
		854158EE2B5FA578003D6861 /* correct.png */ = {isa = PBXFileReference; lastKnownFileType = image.png; path = correct.png; sourceTree = "<group>"; };
		854158EF2B5FA578003D6861 /* incorrect.png */ = {isa = PBXFileReference; lastKnownFileType = image.png; path = incorrect.png; sourceTree = "<group>"; };
		854158F22B5FA915003D6861 /* SelectLevelViewController.swift */ = {isa = PBXFileReference; lastKnownFileType = sourcecode.swift; path = SelectLevelViewController.swift; sourceTree = "<group>"; };
		854158F42B5FAB44003D6861 /* .gitignore.xib */ = {isa = PBXFileReference; lastKnownFileType = file.xib; path = .gitignore.xib; sourceTree = "<group>"; };
		854158F62B5FBA4D003D6861 /* quiz2.csv */ = {isa = PBXFileReference; lastKnownFileType = text.xml; path = quiz2.csv; sourceTree = "<group>"; };
		854158F82B5FBA60003D6861 /* quiz3.csv */ = {isa = PBXFileReference; lastKnownFileType = text.xml; path = quiz3.csv; sourceTree = "<group>"; };
		E1B591FB77F0C596480AB79C /* Pods-SampleQuiz5.release.xcconfig */ = {isa = PBXFileReference; includeInIndex = 1; lastKnownFileType = text.xcconfig; name = "Pods-SampleQuiz5.release.xcconfig"; path = "Target Support Files/Pods-SampleQuiz5/Pods-SampleQuiz5.release.xcconfig"; sourceTree = "<group>"; };
/* End PBXFileReference section */

/* Begin PBXFrameworksBuildPhase section */
		850901E32B5E88FB0000BBBE /* Frameworks */ = {
			isa = PBXFrameworksBuildPhase;
			buildActionMask = 2147483647;
			files = (
				00CA375F25DFDDC35319B0C9 /* Pods_SampleQuiz5.framework in Frameworks */,
			);
			runOnlyForDeploymentPostprocessing = 0;
		};
/* End PBXFrameworksBuildPhase section */

/* Begin PBXGroup section */
		850901DD2B5E88FB0000BBBE = {
			isa = PBXGroup;
			children = (
				854158F42B5FAB44003D6861 /* .gitignore.xib */,
				850901E82B5E88FB0000BBBE /* SampleQuiz5 */,
				850901E72B5E88FB0000BBBE /* Products */,
				DD958736800FEF5F64267DE3 /* Pods */,
				957CA317787AEBAA186ACD9A /* Frameworks */,
			);
			sourceTree = "<group>";
		};
		850901E72B5E88FB0000BBBE /* Products */ = {
			isa = PBXGroup;
			children = (
				850901E62B5E88FB0000BBBE /* SampleQuiz5.app */,
			);
			name = Products;
			sourceTree = "<group>";
		};
		850901E82B5E88FB0000BBBE /* SampleQuiz5 */ = {
			isa = PBXGroup;
			children = (
				850902012B5E8CD20000BBBE /* quiz1.csv */,
				854158F62B5FBA4D003D6861 /* quiz2.csv */,
				854158F82B5FBA60003D6861 /* quiz3.csv */,
				850901E92B5E88FB0000BBBE /* AppDelegate.swift */,
				850901EB2B5E88FB0000BBBE /* SceneDelegate.swift */,
				850901ED2B5E88FB0000BBBE /* ViewController.swift */,
				850901EF2B5E88FB0000BBBE /* Main.storyboard */,
				854158F22B5FA915003D6861 /* SelectLevelViewController.swift */,
				850901FF2B5E8B6C0000BBBE /* ScoreViewController.swift */,
				850901FD2B5E8A910000BBBE /* QuizViewController.swift */,
				850901F22B5E88FB0000BBBE /* Assets.xcassets */,
				850901F42B5E88FB0000BBBE /* LaunchScreen.storyboard */,
				854158ED2B5FA578003D6861 /* images */,
				850901F72B5E88FB0000BBBE /* Info.plist */,
			);
			path = SampleQuiz5;
			sourceTree = "<group>";
		};
		854158ED2B5FA578003D6861 /* images */ = {
			isa = PBXGroup;
			children = (
				854158EE2B5FA578003D6861 /* correct.png */,
				854158EF2B5FA578003D6861 /* incorrect.png */,
			);
			path = images;
			sourceTree = "<group>";
		};
		957CA317787AEBAA186ACD9A /* Frameworks */ = {
			isa = PBXGroup;
			children = (
				642C4C31AA5F7BAA63977B7A /* Pods_SampleQuiz5.framework */,
			);
			name = Frameworks;
			sourceTree = "<group>";
		};
		DD958736800FEF5F64267DE3 /* Pods */ = {
			isa = PBXGroup;
			children = (
				65E2ED366B0F1CD94E8ED56D /* Pods-SampleQuiz5.debug.xcconfig */,
				E1B591FB77F0C596480AB79C /* Pods-SampleQuiz5.release.xcconfig */,
			);
			path = Pods;
			sourceTree = "<group>";
		};
/* End PBXGroup section */

/* Begin PBXNativeTarget section */
		850901E52B5E88FB0000BBBE /* SampleQuiz5 */ = {
			isa = PBXNativeTarget;
			buildConfigurationList = 850901FA2B5E88FB0000BBBE /* Build configuration list for PBXNativeTarget "SampleQuiz5" */;
			buildPhases = (
				1EE54B14532A4CCB7E829EDB /* [CP] Check Pods Manifest.lock */,
				850901E22B5E88FB0000BBBE /* Sources */,
				850901E32B5E88FB0000BBBE /* Frameworks */,
				850901E42B5E88FB0000BBBE /* Resources */,
				7F616A8431EEC41639FF15BE /* [CP] Embed Pods Frameworks */,
			);
			buildRules = (
			);
			dependencies = (
			);
			name = SampleQuiz5;
			productName = SampleQuiz5;
			productReference = 850901E62B5E88FB0000BBBE /* SampleQuiz5.app */;
			productType = "com.apple.product-type.application";
		};
/* End PBXNativeTarget section */

/* Begin PBXProject section */
		850901DE2B5E88FB0000BBBE /* Project object */ = {
			isa = PBXProject;
			attributes = {
				BuildIndependentTargetsInParallel = 1;
				LastSwiftUpdateCheck = 1520;
				LastUpgradeCheck = 1520;
				TargetAttributes = {
					850901E52B5E88FB0000BBBE = {
						CreatedOnToolsVersion = 15.2;
					};
				};
			};
			buildConfigurationList = 850901E12B5E88FB0000BBBE /* Build configuration list for PBXProject "SampleQuiz5" */;
			compatibilityVersion = "Xcode 14.0";
			developmentRegion = en;
			hasScannedForEncodings = 0;
			knownRegions = (
				en,
				Base,
			);
			mainGroup = 850901DD2B5E88FB0000BBBE;
			productRefGroup = 850901E72B5E88FB0000BBBE /* Products */;
			projectDirPath = "";
			projectRoot = "";
			targets = (
				850901E52B5E88FB0000BBBE /* SampleQuiz5 */,
			);
		};
/* End PBXProject section */

/* Begin PBXResourcesBuildPhase section */
		850901E42B5E88FB0000BBBE /* Resources */ = {
			isa = PBXResourcesBuildPhase;
			buildActionMask = 2147483647;
			files = (
				854158F52B5FAB44003D6861 /* .gitignore.xib in Resources */,
				854158F02B5FA578003D6861 /* correct.png in Resources */,
				854158F12B5FA578003D6861 /* incorrect.png in Resources */,
				850901F62B5E88FB0000BBBE /* LaunchScreen.storyboard in Resources */,
				850901F32B5E88FB0000BBBE /* Assets.xcassets in Resources */,
				854158F92B5FBA60003D6861 /* quiz3.csv in Resources */,
				850901F12B5E88FB0000BBBE /* Main.storyboard in Resources */,
				854158F72B5FBA4D003D6861 /* quiz2.csv in Resources */,
				850902022B5E8CD20000BBBE /* quiz1.csv in Resources */,
			);
			runOnlyForDeploymentPostprocessing = 0;
		};
/* End PBXResourcesBuildPhase section */

/* Begin PBXShellScriptBuildPhase section */
		1EE54B14532A4CCB7E829EDB /* [CP] Check Pods Manifest.lock */ = {
			isa = PBXShellScriptBuildPhase;
			buildActionMask = 2147483647;
			files = (
			);
			inputFileListPaths = (
			);
			inputPaths = (
				"${PODS_PODFILE_DIR_PATH}/Podfile.lock",
				"${PODS_ROOT}/Manifest.lock",
			);
			name = "[CP] Check Pods Manifest.lock";
			outputFileListPaths = (
			);
			outputPaths = (
				"$(DERIVED_FILE_DIR)/Pods-SampleQuiz5-checkManifestLockResult.txt",
			);
			runOnlyForDeploymentPostprocessing = 0;
			shellPath = /bin/sh;
			shellScript = "diff \"${PODS_PODFILE_DIR_PATH}/Podfile.lock\" \"${PODS_ROOT}/Manifest.lock\" > /dev/null\nif [ $? != 0 ] ; then\n    # print error to STDERR\n    echo \"error: The sandbox is not in sync with the Podfile.lock. Run 'pod install' or update your CocoaPods installation.\" >&2\n    exit 1\nfi\n# This output is used by Xcode 'outputs' to avoid re-running this script phase.\necho \"SUCCESS\" > \"${SCRIPT_OUTPUT_FILE_0}\"\n";
			showEnvVarsInLog = 0;
		};
		7F616A8431EEC41639FF15BE /* [CP] Embed Pods Frameworks */ = {
			isa = PBXShellScriptBuildPhase;
			buildActionMask = 2147483647;
			files = (
			);
			inputFileListPaths = (
				"${PODS_ROOT}/Target Support Files/Pods-SampleQuiz5/Pods-SampleQuiz5-frameworks-${CONFIGURATION}-input-files.xcfilelist",
			);
			name = "[CP] Embed Pods Frameworks";
			outputFileListPaths = (
				"${PODS_ROOT}/Target Support Files/Pods-SampleQuiz5/Pods-SampleQuiz5-frameworks-${CONFIGURATION}-output-files.xcfilelist",
			);
			runOnlyForDeploymentPostprocessing = 0;
			shellPath = /bin/sh;
			shellScript = "\"${PODS_ROOT}/Target Support Files/Pods-SampleQuiz5/Pods-SampleQuiz5-frameworks.sh\"\n";
			showEnvVarsInLog = 0;
		};
/* End PBXShellScriptBuildPhase section */

/* Begin PBXSourcesBuildPhase section */
		850901E22B5E88FB0000BBBE /* Sources */ = {
			isa = PBXSourcesBuildPhase;
			buildActionMask = 2147483647;
			files = (
				850901EE2B5E88FB0000BBBE /* ViewController.swift in Sources */,
				850901EA2B5E88FB0000BBBE /* AppDelegate.swift in Sources */,
				850902002B5E8B6C0000BBBE /* ScoreViewController.swift in Sources */,
				850901EC2B5E88FB0000BBBE /* SceneDelegate.swift in Sources */,
				850901FE2B5E8A910000BBBE /* QuizViewController.swift in Sources */,
				854158F32B5FA915003D6861 /* SelectLevelViewController.swift in Sources */,
			);
			runOnlyForDeploymentPostprocessing = 0;
		};
/* End PBXSourcesBuildPhase section */

/* Begin PBXVariantGroup section */
		850901EF2B5E88FB0000BBBE /* Main.storyboard */ = {
			isa = PBXVariantGroup;
			children = (
				850901F02B5E88FB0000BBBE /* Base */,
			);
			name = Main.storyboard;
			sourceTree = "<group>";
		};
		850901F42B5E88FB0000BBBE /* LaunchScreen.storyboard */ = {
			isa = PBXVariantGroup;
			children = (
				850901F52B5E88FB0000BBBE /* Base */,
			);
			name = LaunchScreen.storyboard;
			sourceTree = "<group>";
		};
/* End PBXVariantGroup section */

/* Begin XCBuildConfiguration section */
		850901F82B5E88FB0000BBBE /* Debug */ = {
			isa = XCBuildConfiguration;
			buildSettings = {
				ALWAYS_SEARCH_USER_PATHS = NO;
				ASSETCATALOG_COMPILER_GENERATE_SWIFT_ASSET_SYMBOL_EXTENSIONS = YES;
				CLANG_ANALYZER_NONNULL = YES;
				CLANG_ANALYZER_NUMBER_OBJECT_CONVERSION = YES_AGGRESSIVE;
				CLANG_CXX_LANGUAGE_STANDARD = "gnu++20";
				CLANG_ENABLE_MODULES = YES;
				CLANG_ENABLE_OBJC_ARC = YES;
				CLANG_ENABLE_OBJC_WEAK = YES;
				CLANG_WARN_BLOCK_CAPTURE_AUTORELEASING = YES;
				CLANG_WARN_BOOL_CONVERSION = YES;
				CLANG_WARN_COMMA = YES;
				CLANG_WARN_CONSTANT_CONVERSION = YES;
				CLANG_WARN_DEPRECATED_OBJC_IMPLEMENTATIONS = YES;
				CLANG_WARN_DIRECT_OBJC_ISA_USAGE = YES_ERROR;
				CLANG_WARN_DOCUMENTATION_COMMENTS = YES;
				CLANG_WARN_EMPTY_BODY = YES;
				CLANG_WARN_ENUM_CONVERSION = YES;
				CLANG_WARN_INFINITE_RECURSION = YES;
				CLANG_WARN_INT_CONVERSION = YES;
				CLANG_WARN_NON_LITERAL_NULL_CONVERSION = YES;
				CLANG_WARN_OBJC_IMPLICIT_RETAIN_SELF = YES;
				CLANG_WARN_OBJC_LITERAL_CONVERSION = YES;
				CLANG_WARN_OBJC_ROOT_CLASS = YES_ERROR;
				CLANG_WARN_QUOTED_INCLUDE_IN_FRAMEWORK_HEADER = NO;
				CLANG_WARN_RANGE_LOOP_ANALYSIS = YES;
				CLANG_WARN_STRICT_PROTOTYPES = YES;
				CLANG_WARN_SUSPICIOUS_MOVE = YES;
				CLANG_WARN_UNGUARDED_AVAILABILITY = YES_AGGRESSIVE;
				CLANG_WARN_UNREACHABLE_CODE = YES;
				CLANG_WARN__DUPLICATE_METHOD_MATCH = YES;
				COPY_PHASE_STRIP = NO;
				DEBUG_INFORMATION_FORMAT = dwarf;
				ENABLE_STRICT_OBJC_MSGSEND = YES;
				ENABLE_TESTABILITY = YES;
				ENABLE_USER_SCRIPT_SANDBOXING = NO;
				GCC_C_LANGUAGE_STANDARD = gnu17;
				GCC_DYNAMIC_NO_PIC = NO;
				GCC_NO_COMMON_BLOCKS = YES;
				GCC_OPTIMIZATION_LEVEL = 0;
				GCC_PREPROCESSOR_DEFINITIONS = (
					"DEBUG=1",
					"$(inherited)",
				);
				GCC_WARN_64_TO_32_BIT_CONVERSION = YES;
				GCC_WARN_ABOUT_RETURN_TYPE = YES_ERROR;
				GCC_WARN_UNDECLARED_SELECTOR = YES;
				GCC_WARN_UNINITIALIZED_AUTOS = YES_AGGRESSIVE;
				GCC_WARN_UNUSED_FUNCTION = YES;
				GCC_WARN_UNUSED_VARIABLE = YES;
				IPHONEOS_DEPLOYMENT_TARGET = 17.2;
				LOCALIZATION_PREFERS_STRING_CATALOGS = YES;
				MTL_ENABLE_DEBUG_INFO = INCLUDE_SOURCE;
				MTL_FAST_MATH = YES;
				ONLY_ACTIVE_ARCH = YES;
				SDKROOT = iphoneos;
				SWIFT_ACTIVE_COMPILATION_CONDITIONS = "DEBUG $(inherited)";
				SWIFT_OPTIMIZATION_LEVEL = "-Onone";
				VALIDATE_PRODUCT = NO;
			};
			name = Debug;
		};
		850901F92B5E88FB0000BBBE /* Release */ = {
			isa = XCBuildConfiguration;
			buildSettings = {
				ALWAYS_SEARCH_USER_PATHS = NO;
				ASSETCATALOG_COMPILER_GENERATE_SWIFT_ASSET_SYMBOL_EXTENSIONS = YES;
				CLANG_ANALYZER_NONNULL = YES;
				CLANG_ANALYZER_NUMBER_OBJECT_CONVERSION = YES_AGGRESSIVE;
				CLANG_CXX_LANGUAGE_STANDARD = "gnu++20";
				CLANG_ENABLE_MODULES = YES;
				CLANG_ENABLE_OBJC_ARC = YES;
				CLANG_ENABLE_OBJC_WEAK = YES;
				CLANG_WARN_BLOCK_CAPTURE_AUTORELEASING = YES;
				CLANG_WARN_BOOL_CONVERSION = YES;
				CLANG_WARN_COMMA = YES;
				CLANG_WARN_CONSTANT_CONVERSION = YES;
				CLANG_WARN_DEPRECATED_OBJC_IMPLEMENTATIONS = YES;
				CLANG_WARN_DIRECT_OBJC_ISA_USAGE = YES_ERROR;
				CLANG_WARN_DOCUMENTATION_COMMENTS = YES;
				CLANG_WARN_EMPTY_BODY = YES;
				CLANG_WARN_ENUM_CONVERSION = YES;
				CLANG_WARN_INFINITE_RECURSION = YES;
				CLANG_WARN_INT_CONVERSION = YES;
				CLANG_WARN_NON_LITERAL_NULL_CONVERSION = YES;
				CLANG_WARN_OBJC_IMPLICIT_RETAIN_SELF = YES;
				CLANG_WARN_OBJC_LITERAL_CONVERSION = YES;
				CLANG_WARN_OBJC_ROOT_CLASS = YES_ERROR;
				CLANG_WARN_QUOTED_INCLUDE_IN_FRAMEWORK_HEADER = NO;
				CLANG_WARN_RANGE_LOOP_ANALYSIS = YES;
				CLANG_WARN_STRICT_PROTOTYPES = YES;
				CLANG_WARN_SUSPICIOUS_MOVE = YES;
				CLANG_WARN_UNGUARDED_AVAILABILITY = YES_AGGRESSIVE;
				CLANG_WARN_UNREACHABLE_CODE = YES;
				CLANG_WARN__DUPLICATE_METHOD_MATCH = YES;
				COPY_PHASE_STRIP = NO;
				DEBUG_INFORMATION_FORMAT = "dwarf-with-dsym";
				ENABLE_NS_ASSERTIONS = NO;
				ENABLE_STRICT_OBJC_MSGSEND = YES;
				ENABLE_USER_SCRIPT_SANDBOXING = NO;
				GCC_C_LANGUAGE_STANDARD = gnu17;
				GCC_NO_COMMON_BLOCKS = YES;
				GCC_WARN_64_TO_32_BIT_CONVERSION = YES;
				GCC_WARN_ABOUT_RETURN_TYPE = YES_ERROR;
				GCC_WARN_UNDECLARED_SELECTOR = YES;
				GCC_WARN_UNINITIALIZED_AUTOS = YES_AGGRESSIVE;
				GCC_WARN_UNUSED_FUNCTION = YES;
				GCC_WARN_UNUSED_VARIABLE = YES;
				IPHONEOS_DEPLOYMENT_TARGET = 17.2;
				LOCALIZATION_PREFERS_STRING_CATALOGS = YES;
				MTL_ENABLE_DEBUG_INFO = NO;
				MTL_FAST_MATH = YES;
				SDKROOT = iphoneos;
				SWIFT_COMPILATION_MODE = wholemodule;
				VALIDATE_PRODUCT = YES;
			};
			name = Release;
		};
		850901FB2B5E88FB0000BBBE /* Debug */ = {
			isa = XCBuildConfiguration;
			baseConfigurationReference = 65E2ED366B0F1CD94E8ED56D /* Pods-SampleQuiz5.debug.xcconfig */;
			buildSettings = {
				ASSETCATALOG_COMPILER_APPICON_NAME = AppIcon;
				ASSETCATALOG_COMPILER_GLOBAL_ACCENT_COLOR_NAME = AccentColor;
				CODE_SIGN_STYLE = Automatic;
				CURRENT_PROJECT_VERSION = 1;
				DEVELOPMENT_TEAM = Z8QC62V2F3;
				GENERATE_INFOPLIST_FILE = YES;
				INFOPLIST_FILE = SampleQuiz5/Info.plist;
				INFOPLIST_KEY_UIApplicationSupportsIndirectInputEvents = YES;
				INFOPLIST_KEY_UILaunchStoryboardName = LaunchScreen;
				INFOPLIST_KEY_UIMainStoryboardFile = Main;
				INFOPLIST_KEY_UISupportedInterfaceOrientations = UIInterfaceOrientationPortrait;
				LD_RUNPATH_SEARCH_PATHS = (
					"$(inherited)",
					"@executable_path/Frameworks",
				);
				MARKETING_VERSION = 1.0;
				PRODUCT_BUNDLE_IDENTIFIER = com.emioiso.SampleQuiz5;
				PRODUCT_NAME = "$(TARGET_NAME)";
				SWIFT_EMIT_LOC_STRINGS = YES;
				SWIFT_VERSION = 5.0;
				TARGETED_DEVICE_FAMILY = "1,2";
			};
			name = Debug;
		};
		850901FC2B5E88FB0000BBBE /* Release */ = {
			isa = XCBuildConfiguration;
			baseConfigurationReference = E1B591FB77F0C596480AB79C /* Pods-SampleQuiz5.release.xcconfig */;
			buildSettings = {
				ASSETCATALOG_COMPILER_APPICON_NAME = AppIcon;
				ASSETCATALOG_COMPILER_GLOBAL_ACCENT_COLOR_NAME = AccentColor;
				CODE_SIGN_STYLE = Automatic;
				CURRENT_PROJECT_VERSION = 1;
				DEVELOPMENT_TEAM = Z8QC62V2F3;
				GENERATE_INFOPLIST_FILE = YES;
				INFOPLIST_FILE = SampleQuiz5/Info.plist;
				INFOPLIST_KEY_UIApplicationSupportsIndirectInputEvents = YES;
				INFOPLIST_KEY_UILaunchStoryboardName = LaunchScreen;
				INFOPLIST_KEY_UIMainStoryboardFile = Main;
				INFOPLIST_KEY_UISupportedInterfaceOrientations = UIInterfaceOrientationPortrait;
				LD_RUNPATH_SEARCH_PATHS = (
					"$(inherited)",
					"@executable_path/Frameworks",
				);
				MARKETING_VERSION = 1.0;
				PRODUCT_BUNDLE_IDENTIFIER = com.emioiso.SampleQuiz5;
				PRODUCT_NAME = "$(TARGET_NAME)";
				SWIFT_EMIT_LOC_STRINGS = YES;
				SWIFT_VERSION = 5.0;
				TARGETED_DEVICE_FAMILY = "1,2";
			};
			name = Release;
		};
/* End XCBuildConfiguration section */

/* Begin XCConfigurationList section */
		850901E12B5E88FB0000BBBE /* Build configuration list for PBXProject "SampleQuiz5" */ = {
			isa = XCConfigurationList;
			buildConfigurations = (
				850901F82B5E88FB0000BBBE /* Debug */,
				850901F92B5E88FB0000BBBE /* Release */,
			);
			defaultConfigurationIsVisible = 0;
			defaultConfigurationName = Release;
		};
		850901FA2B5E88FB0000BBBE /* Build configuration list for PBXNativeTarget "SampleQuiz5" */ = {
			isa = XCConfigurationList;
			buildConfigurations = (
				850901FB2B5E88FB0000BBBE /* Debug */,
				850901FC2B5E88FB0000BBBE /* Release */,
			);
			defaultConfigurationIsVisible = 0;
			defaultConfigurationName = Release;
		};
/* End XCConfigurationList section */
	};
	rootObject = 850901DE2B5E88FB0000BBBE /* Project object */;
}
